
Microsoft Visual Studio Solution File, Format Version 12.00
# Visual Studio Version 16
VisualStudioVersion = 16.0.29613.14
MinimumVisualStudioVersion = 10.0.40219.1
Project("{9A19103F-16F7-4668-BE54-9A1E7A4F7556}") = "CDSDataImportPOC", "CDSDataImportPOC\CDSDataImportPOC.csproj", "{918F74EA-81EA-4772-ABDA-4AD5B117F5F5}"
EndProject
Project("{930C7802-8A8C-48F9-8165-68863BCCD9DD}") = "CDSDataImportInstaller", "CDSDataImportInstaller\CDSDataImportInstaller.wixproj", "{77C40F27-4272-4D7E-BF60-3AD341593DF6}"
EndProject
Global
	GlobalSection(SolutionConfigurationPlatforms) = preSolution
		Debug|Any CPU = Debug|Any CPU
		Debug|x86 = Debug|x86
		Release|Any CPU = Release|Any CPU
		Release|x86 = Release|x86
	EndGlobalSection
	GlobalSection(ProjectConfigurationPlatforms) = postSolution
		{918F74EA-81EA-4772-ABDA-4AD5B117F5F5}.Debug|Any CPU.ActiveCfg = Debug|Any CPU
		{918F74EA-81EA-4772-ABDA-4AD5B117F5F5}.Debug|Any CPU.Build.0 = Debug|Any CPU
		{918F74EA-81EA-4772-ABDA-4AD5B117F5F5}.Debug|x86.ActiveCfg = Debug|Any CPU
		{918F74EA-81EA-4772-ABDA-4AD5B117F5F5}.Debug|x86.Build.0 = Debug|Any CPU
		{918F74EA-81EA-4772-ABDA-4AD5B117F5F5}.Release|Any CPU.ActiveCfg = Release|Any CPU
		{918F74EA-81EA-4772-ABDA-4AD5B117F5F5}.Release|Any CPU.Build.0 = Release|Any CPU
		{918F74EA-81EA-4772-ABDA-4AD5B117F5F5}.Release|x86.ActiveCfg = Release|Any CPU
		{918F74EA-81EA-4772-ABDA-4AD5B117F5F5}.Release|x86.Build.0 = Release|Any CPU
		{77C40F27-4272-4D7E-BF60-3AD341593DF6}.Debug|Any CPU.ActiveCfg = Debug|x86
		{77C40F27-4272-4D7E-BF60-3AD341593DF6}.Debug|x86.ActiveCfg = Debug|x86
		{77C40F27-4272-4D7E-BF60-3AD341593DF6}.Debug|x86.Build.0 = Debug|x86
		{77C40F27-4272-4D7E-BF60-3AD341593DF6}.Release|Any CPU.ActiveCfg = Release|x86
		{77C40F27-4272-4D7E-BF60-3AD341593DF6}.Release|x86.ActiveCfg = Release|x86
		{77C40F27-4272-4D7E-BF60-3AD341593DF6}.Release|x86.Build.0 = Release|x86
	EndGlobalSection
	GlobalSection(SolutionProperties) = preSolution
		HideSolutionNode = FALSE
	EndGlobalSection
	GlobalSection(ExtensibilityGlobals) = postSolution
		SolutionGuid = {D999357A-F265-4DA2-BC56-396783AB3C73}
	EndGlobalSection
EndGlobal
